lockfileVersion: '9.0'

settings:
  autoInstallPeers: true
  excludeLinksFromLockfile: false

overrides:
  postcss@<8.5.18: '>=8.5.18 <9'
  sharp: '>=0.35.3 <0.36'

importers:

  .:
    dependencies:
      better-auth:
        specifier: link:../../packages/better-auth
        version: link:../../packages/better-auth
      next:
        specifier: ^16.3.3
        version: 16.3.3(react-dom@19.2.8(react@19.2.8))(react@19.2.8)
      react:
        specifier: ^19.2.8
        version: 19.2.8
      react-dom:
        specifier: ^19.2.8
        version: 19.2.8(react@19.2.8)
    devDependencies:
      '@tailwindcss/postcss':
        specifier: ^4.3.3
        version: 4.3.3
      '@types/react':
        specifier: ^19.2.18
        version: 19.2.18
      '@types/react-dom':
        specifier: ^19.2.5
        version: 19.2.5(@types/react@19.2.18)
      postcss:
        specifier: ^8.5.26
        version: 8.5.26
      tailwindcss:
        specifier: ^4.3.3
        version: 4.3.3
      typescript:
        specifier: ^6.0.3
        version: 6.0.3

packages:

  '@alloc/quick-lru@5.3.0':
    resolution: {integrity: sha512-U4+70Pc5ZS9osnCBCE5Jha/ciHM+Yp+CNMNC/7HvYbNRk1Ldd+f7qO65W5qfhu/TCv+/ozljlXXe9Nj8419DMA==}
    engines: {node: '>=10'}

  '@emnapi/runtime@1.11.3':
    resolution: {integrity: sha512-Xz4Tpyki7XyrpbUK1jR1AhdAdaXyhhY4lZ3neLodmhpuWfy2PAQN5B46sAiU4liOXGLkHypn/qU+jvfWSCYYLA==}

  '@img/colour@1.1.0':
    resolution: {integrity: sha512-Td76q7j57o/tLVdgS746cYARfSyxk8iEfRxewL9h4OMzYhbW4TAcppl0mT4eyqXddh6L/jwoM75mo7ixa/pCeQ==}
    engines: {node: '>=18'}

  '@img/sharp-darwin-arm64@0.35.4':
    resolution: {integrity: sha512-Uhfl4V4lhP2nbUVF9+hyH1+luj86f1gUFeo8ALYxFoULoU+G87D43BfeMP8XHsk9boxAnCY/bf2EHwhA7MuGsA==}
    engines: {node: '>=20.9.0'}
    cpu: [arm64]
    os: [darwin]

  '@img/sharp-darwin-x64@0.35.4':
    resolution: {integrity: sha512-hWniXY3bG5qKpkKrAwPe4y+VTPmf086YQAnkxWh7uA1YrlRouWGa0M0Mxj3ZjnXFkv7/TD1bTy9lGUK26vRvWw==}
    engines: {node: '>=20.9.0'}
    cpu: [x64]
    os: [darwin]

  '@img/sharp-freebsd-wasm32@0.35.4':
    resolution: {integrity: sha512-lIsKw/BU+kjB4eZjxrYrZmwOJYi3Ajrv66iAlBmUPyKc3HpnloevB1g3wxGD9P/5BbQ1brBGl65VRRrCvQDEqA==}
    engines: {node: '>=20.9.0'}
    os: [freebsd]

  '@img/sharp-libvips-darwin-arm64@1.3.3':
    resolution: {integrity: sha512-suTBPTDGrI9WodccaDdwZItTSaBYASlBk1NSfElSHrUfzu3szG6lvIF58+WiFvnfzuK8ZBFS5zE00PxqxnRiPg==}
    cpu: [arm64]
    os: [darwin]

  '@img/sharp-libvips-darwin-x64@1.3.3':
    resolution: {integrity: sha512-FVJZ5mITMobmXIz/hPDTw0EintTW5H3WfrxwLqEqjiIihlu+hVRyGrFQ60xl0Lxn7Bt3zdpevPaQi0HEzqz9fw==}
    cpu: [x64]
    os: [darwin]

  '@img/sharp-libvips-linux-arm64@1.3.3':
    resolution: {integrity: sha512-0DaL0A6Xu6sQSQFwe4iVCrKWU2cCTItnRsYsCdxAMm9NF6twAA9BKnoqy4hqz4+azQ0JHuA26qiUKsf1XJ/v5A==}
    cpu: [arm64]
    os: [linux]
    libc: [glibc]

  '@img/sharp-libvips-linux-arm@1.3.3':
    resolution: {integrity: sha512-3rbU4vqXXc3hY/OiXdl52xZvT0F1yEngWfvqudtPJg/KkyiaQw2DRsFrNzpmLvfavbwOq3qXn36GP8obHRULQA==}
    cpu: [arm]
    os: [linux]
    libc: [glibc]

  '@img/sharp-libvips-linux-ppc64@1.3.3':
    resolution: {integrity: sha512-cdn1OvUBwsXhbC0zSzJnNzf5MZ/mTrobawDvNXBTxe8VtqKAm0sRuEY2Evzovb/w9JMk4TvRxqt1mekSuJz64w==}
    cpu: [ppc64]
    os: [linux]
    libc: [glibc]

  '@img/sharp-libvips-linux-riscv64@1.3.3':
    resolution: {integrity: sha512-HjPVx7yKz+0lqdhDlTw1tt90wamBoxhiXpvl1XZpJLiHH4RCJ5yDTqH+VlYPv2fwFs89JFw4c1IexYOcQUi4IQ==}
    cpu: [riscv64]
    os: [linux]
    libc: [glibc]

  '@img/sharp-libvips-linux-s390x@1.3.3':
    resolution: {integrity: sha512-neWLh+3yCNThxnfy3c4BbVBeGgt9aftno+XbT56iK28RgeDs3UOFWviLWlUu0bArYVYJaFDK+RRohbicUNCm8Q==}
    cpu: [s390x]
    os: [linux]
    libc: [glibc]

  '@img/sharp-libvips-linux-x64@1.3.3':
    resolution: {integrity: sha512-4vKmvAst9nrowcqquKFAyZJUDolUaIp8uRiN0mWFguJ1IplC9/pitXtlnnlU4aa/eJw3J7i67V+pwUL+wZGdsA==}
    cpu: [x64]
    os: [linux]
    libc: [glibc]

  '@img/sharp-libvips-linuxmusl-arm64@1.3.3':
    resolution: {integrity: sha512-Y9kQaLMuNoB0bPYOOdcZMaseNrFpPodIWWMrx+CZyydf2xn68j9WYc6sWWRrDwNkzCQjKYfc68L7jKjGlHMibw==}
    cpu: [arm64]
    os: [linux]
    libc: [musl]

  '@img/sharp-libvips-linuxmusl-x64@1.3.3':
    resolution: {integrity: sha512-fj8Mv0HHfD1Rr+4I68+3agJynxDWtBFgicTbSOb9Bke6pIwzGcJ+RX/yHjmiEGFMCavY/dxvem7MyNaJF+wDiw==}
    cpu: [x64]
    os: [linux]
    libc: [musl]

  '@img/sharp-linux-arm64@0.35.4':
    resolution: {integrity: sha512-De4jpEnAU8Hd5oT0j1G3uL4ZvTuipVMn7YC6vPaJhy6/7EwEae0SVAoBrUMYQbkLGDm85taVWwuPc1a44LTzCQ==}
    engines: {node: '>=20.9.0'}
    cpu: [arm64]
    os: [linux]
    libc: [glibc]

  '@img/sharp-linux-arm@0.35.4':
    resolution: {integrity: sha512-7OAS8gI0EReKGVN2HssHlM6umJgxF5VI3xN0p9FA91p/YO+ou5hiNghLdZ5BEHztwaaK5+bLKRf8x/o2L2nk9A==}
    engines: {node: '>=20.9.0'}
    cpu: [arm]
    os: [linux]
    libc: [glibc]

  '@img/sharp-linux-ppc64@0.35.4':
    resolution: {integrity: sha512-2oYZJeIl4kCcMGk4ouZVjnkCtFrpQFlNEtJ6GbxzhHQchwH0NH/qEb9ykmOl29dqwMq+JhFdZn+1ak2FKhI9fQ==}
    engines: {node: '>=20.9.0'}
    cpu: [ppc64]
    os: [linux]
    libc: [glibc]

  '@img/sharp-linux-riscv64@0.35.4':
    resolution: {integrity: sha512-cPbNChoRURAWdebDIHSenxRpgEdy7JkPydSnUxRm9VvKD7m0/xVaR/8Fzlu81pk5nHEvHH87UZUA7cTtwnbJSA==}
    engines: {node: '>=20.9.0'}
    cpu: [riscv64]
    os: [linux]
    libc: [glibc]

  '@img/sharp-linux-s390x@0.35.4':
    resolution: {integrity: sha512-RY0JFY8Fd6RonCBtHz+DvadaPkXDSI1AUn6yWL9TipqkZ1vY8w8evqdgyDFnkm4/K1ve1TvZiaePP5oSd4+WVQ==}
    engines: {node: '>=20.9.0'}
    cpu: [s390x]
    os: [linux]
    libc: [glibc]

  '@img/sharp-linux-x64@0.35.4':
    resolution: {integrity: sha512-9qvvEAuk8k89TfWUoX2htWjbAMX8p+NxCppjpcg5k6xMsjhBQPTsoIh36h9Qde4WRuGpJeYnOjdosDn/cnv+OA==}
    engines: {node: '>=20.9.0'}
    cpu: [x64]
    os: [linux]
    libc: [glibc]

  '@img/sharp-linuxmusl-arm64@0.35.4':
    resolution: {integrity: sha512-KB5jxpfWQTr0nc3xdHtWChdbifHrBGsd2SM62Eyxrl8afikm+f5qGBU75SJIZBT/S1MC8XyacdlXBMSWq6OURA==}
    engines: {node: '>=20.9.0'}
    cpu: [arm64]
    os: [linux]
    libc: [musl]

  '@img/sharp-linuxmusl-x64@0.35.4':
    resolution: {integrity: sha512-f+eZJZIQNEEd26RPSW+76chwOf1XtA2Y/O+5ocVyLliHkeih3e+jhLVBdNTd2rS3IbNXK8+ug93Vf5ZXtF5Lxg==}
    engines: {node: '>=20.9.0'}
    cpu: [x64]
    os: [linux]
    libc: [musl]

  '@img/sharp-wasm32@0.35.4':
    resolution: {integrity: sha512-zQnl4Kwp7Q6NHsENtU2T/00Zi+w3AQNwz3+UaTyVBy2FpXrzXzGjndpK61onhZjRtRpQXxCTeqw19bVyXOh7jA==}
    engines: {node: '>=20.9.0'}

  '@img/sharp-webcontainers-wasm32@0.35.4':
    resolution: {integrity: sha512-ESfNkywmCfPNyaZjxooddJQiQ+l/nTpGEOGthxiLnIHXC/CmcBixnfwUleX9mCz9ovrUUvKMap/pm8RYbzfwaA==}
    engines: {node: '>=20.9.0'}
    cpu: [wasm32]

  '@img/sharp-win32-arm64@0.35.4':
    resolution: {integrity: sha512-iNdlBX9gLVvqe2I3uIJSIKTq6wckP/DYxZtcqxm09x5Gi24DnFBmPAWZmr60ZyYMG0xlzo6goG3670ar+RXvRw==}
    engines: {node: '>=20.9.0'}
    cpu: [arm64]
    os: [win32]

  '@img/sharp-win32-ia32@0.35.4':
    resolution: {integrity: sha512-kqRsbaa5CS6KHlpxnN7WhE6vAAugXyZButpRdvDWetlv6Qv4N9WTcrWzF7tXfB9T7MsoadqdI8hmwLq6UlLvtw==}
    engines: {node: ^20.9.0}
    cpu: [ia32]
    os: [win32]

  '@img/sharp-win32-x64@0.35.4':
    resolution: {integrity: sha512-XtmnYhBcrORsJ4XJngyzr/EWP0hRZLAZRFaApdKuviyqF78+ylxh2y06ZmtULAMOnObJ3ucpN0AcwSWnMowTRg==}
    engines: {node: '>=20.9.0'}
    cpu: [x64]
    os: [win32]

  '@jridgewell/gen-mapping@0.3.13':
    resolution: {integrity: sha512-2kkt/7niJ6MgEPxF0bYdQ6etZaA+fQvDcLKckhy1yIQOzaoKjBBjSj63/aLVjYE3qhRt5dvM+uUyfCg6UKCBbA==}

  '@jridgewell/remapping@2.3.5':
    resolution: {integrity: sha512-LI9u/+laYG4Ds1TDKSJW2YPrIlcVYOwi2fUC6xB43lueCjgxV4lffOCZCtYFiH6TNOX+tQKXx97T4IKHbhyHEQ==}

  '@jridgewell/resolve-uri@3.1.2':
    resolution: {integrity: sha512-bRISgCIjP20/tbWSPWMEi54QVPRZExkuD9lJL+UIxUKtwVJA8wW1Trb1jMs1RFXo1CBTNZ/5hpC9QvmKWdopKw==}
    engines: {node: '>=6.0.0'}

  '@jridgewell/sourcemap-codec@1.6.0':
    resolution: {integrity: sha512-T7jf+5zgsZHwNJ4lvQ7/aezbyk0nNX+zJVWpmHA7VYsEx7a7qr5Rg5IbtJFqkgze5Y2sruq1RUY8Q837Od7iFw==}

  '@jridgewell/trace-mapping@0.3.31':
    resolution: {integrity: sha512-zzNR+SdQSDJzc8joaeP8QQoCQr8NuYx2dIIytl1QeBEZHJ9uW6hebsrYgbz8hJwUQao3TWCMtmfV8Nu1twOLAw==}

  '@next/env@16.3.3':
    resolution: {integrity: sha512-U2eYQRwXj+dsqxV79zFqExDdatnNY/ZWc2nsJU1p/OgT7fd3dXwlF6OjYaFQCfMoeTA19PWq+wVmYgimVA+V+g==}

  '@next/swc-darwin-arm64@16.3.3':
    resolution: {integrity: sha512-8Hiv32QJPwdV6KYJ8meR9SBA061tQqnIKTJDocvOXlEQqib0xMFpzArosuffFUUc0sslbh7QQ8a3Yey1QV8EIw==}
    engines: {node: '>= 10'}
    cpu: [arm64]
    os: [darwin]

  '@next/swc-darwin-x64@16.3.3':
    resolution: {integrity: sha512-A1lgKgwVchRYmSe467zdwhxT9040dd8lH+o65sL5Jet8fjB4kegw/rDyPIpYVRb6jAqwXFOJpjIXJLxQKLiE3A==}
    engines: {node: '>= 10'}
    cpu: [x64]
    os: [darwin]

  '@next/swc-linux-arm64-gnu@16.3.3':
    resolution: {integrity: sha512-bf0FIssMFueU2dm7vQEWWxk0c8UjKTdW0yzuh0sQsD8pf1+KCLDdaqhYZNMYGmXwEOiHAUzgBKudovIlcvvBjg==}
    engines: {node: '>= 10'}
    cpu: [arm64]
    os: [linux]
    libc: [glibc]

  '@next/swc-linux-arm64-musl@16.3.3':
    resolution: {integrity: sha512-W7viwCk9JY/cAkdz/A273rd5bb3RgT/IHwR7Upv90tunjBWNtAAhGhoecHh+teRNRSinuAFmE+l7fwZ4YKkrXg==}
    engines: {node: '>= 10'}
    cpu: [arm64]
    os: [linux]
    libc: [musl]

  '@next/swc-linux-x64-gnu@16.3.3':
    resolution: {integrity: sha512-0W46zw1N3ODpI6n0GeivHvvob1pooozgZVqy65k0mh4/7vr+FbY9+WpHzNVXjHipJf/A3FDheBG19H1s5A25rA==}
    engines: {node: '>= 10'}
    cpu: [x64]
    os: [linux]
    libc: [glibc]

  '@next/swc-linux-x64-musl@16.3.3':
    resolution: {integrity: sha512-H4mBso8ZTMBPtdT0PN0pBx2ayTvQuTuvS6qT13d77yVFJXAPCxkyIhLTmdMaGTJs0krQYI/qpzdHijCeihXhbg==}
    engines: {node: '>= 10'}
    cpu: [x64]
    os: [linux]
    libc: [musl]

  '@next/swc-win32-arm64-msvc@16.3.3':
    resolution: {integrity: sha512-cTMUJpcEGmeywofCUfhR+rSsoE33+rVPnPEYNTNdLNlsOeEg/vktOsKUSTb28vUGqD2jkm4Zaskcwn7OCI6FQg==}
    engines: {node: '>= 10'}
    cpu: [arm64]
    os: [win32]

  '@next/swc-win32-x64-msvc@16.3.3':
    resolution: {integrity: sha512-2VR4cTBzHXaBjnGsuH6GyJjENzQOmHeAh11uY1iUhjm3j5dEUrVJuUj+VL78jaGi/Dik8xS76zEj18BsFhlVZQ==}
    engines: {node: '>= 10'}
    cpu: [x64]
    os: [win32]

  '@swc/helpers@0.5.23':
    resolution: {integrity: sha512-5lSsMOTXURePglDfvuAQUqkGek9Hg2kksOYay2m0+XR++b2NWYL/4sWyuvVBIs8oKnJaxkdi9whaL/sqN13afw==}

  '@tailwindcss/node@4.3.3':
    resolution: {integrity: sha512-/T8IKEsf9VTU6tLjgC7+sv2mOPtQxzE2jMw7u4Tt40Tx+QSZxpzh95/H6cMKoja9XuW7iMdLJYBB0o9G1CaAgg==}

  '@tailwindcss/oxide-android-arm64@4.3.3':
    resolution: {integrity: sha512-Y85A2gmPSkl5Ve5qR86GL4HT509cFqQh1aes9p3sSkyTPwt0Pppf3GkwGe4JPACcRYjgJIEhQgM6dBClnr0NYw==}
    engines: {node: '>= 20'}
    cpu: [arm64]
    os: [android]

  '@tailwindcss/oxide-darwin-arm64@4.3.3':
    resolution: {integrity: sha512-BiaWatpBcERQFDlOjRDpIVXuFK5PJez5SA4JMg6VYZdBYU+qKfV/vqjcIs+IYmtitf1xYQZTwXvU/8y4lfZUGw==}
    engines: {node: '>= 20'}
    cpu: [arm64]
    os: [darwin]

  '@tailwindcss/oxide-darwin-x64@4.3.3':
    resolution: {integrity: sha512-fAeUqfV5ndhxRwai8cXGzdLvul9utWOmeTkv69unv4ZXixjn61Z+p9lCWdwOwA3TYboG3BwdVuN/RDjhBRl0mw==}
    engines: {node: '>= 20'}
    cpu: [x64]
    os: [darwin]

  '@tailwindcss/oxide-freebsd-x64@4.3.3':
    resolution: {integrity: sha512-iyf5bV6+wnAlflVeEy7R25dupxTNECZN5QMI0qNT6eT+EgaGdZcKhGkr5SdoaWiLJ3spLqIY9VCeSGrwmtg4kw==}
    engines: {node: '>= 20'}
    cpu: [x64]
    os: [freebsd]

  '@tailwindcss/oxide-linux-arm-gnueabihf@4.3.3':
    resolution: {integrity: sha512-aAYUprJAJQWWbRrPvtjdroZ56Md+JM8pMiopS6xGEwDfLhqj+2ver2p4nU4Mb3CRqcMmNBjo8KkUgcxhkzVQGQ==}
    engines: {node: '>= 20'}
    cpu: [arm]
    os: [linux]

  '@tailwindcss/oxide-linux-arm64-gnu@4.3.3':
    resolution: {integrity: sha512-nDxldcEENOxZRzC2uu9jrutZdAAQtb+8WWDCSnWL1zvBk1+FN+x6MtDViPB5AJMfttVCUhehGWus3XBPgatM/w==}
    engines: {node: '>= 20'}
    cpu: [arm64]
    os: [linux]
    libc: [glibc]

  '@tailwindcss/oxide-linux-arm64-musl@4.3.3':
    resolution: {integrity: sha512-Md44bD6veX/PC5iyF8cDVnw4HBIANZepRZZ7a8DQOvkfo5WUBwcp6iAuCUz23u+4SUkhJlD3eL7hNdW8ezd/kA==}
    engines: {node: '>= 20'}
    cpu: [arm64]
    os: [linux]
    libc: [musl]

  '@tailwindcss/oxide-linux-x64-gnu@4.3.3':
    resolution: {integrity: sha512-tx7us1muwOKAKWao2v/GaafFeQboE6aj88vC6ziN2NCGcRm8gWUhwjzg+YdVB1e4boAtdtma4L43onunI6NS4w==}
    engines: {node: '>= 20'}
    cpu: [x64]
    os: [linux]
    libc: [glibc]

  '@tailwindcss/oxide-linux-x64-musl@4.3.3':
    resolution: {integrity: sha512-SJxX60smvHgasZoBy11dX6YRjXJFovwWBoedhbQPOBzgFWBHGB+TVPWB9BxzR7TTxU8FQZAI2AyiNCMzFm8Img==}
    engines: {node: '>= 20'}
    cpu: [x64]
    os: [linux]
    libc: [musl]

  '@tailwindcss/oxide-wasm32-wasi@4.3.3':
    resolution: {integrity: sha512-jx1+rPhY/5Ympkktd656HBWEBLxP7dH06losBLjjf5vgCODXvi9KhtftWcMIwTFIDqBr7cRnQkdLnAG+IOlGvQ==}
    engines: {node: '>=14.0.0'}
    cpu: [wasm32]
    bundledDependencies:
      - '@napi-rs/wasm-runtime'
      - '@emnapi/core'
      - '@emnapi/runtime'
      - '@tybys/wasm-util'
      - '@emnapi/wasi-threads'
      - tslib

  '@tailwindcss/oxide-win32-arm64-msvc@4.3.3':
    resolution: {integrity: sha512-3rc292Ca2ceK6Ulcc/bAVnTs/3nDtoPhyEKlgPv+yQJQi/JS/AMJlqzxvlDacL1nekbrcf6bTqp/jV4qgnPxNQ==}
    engines: {node: '>= 20'}
    cpu: [arm64]
    os: [win32]

  '@tailwindcss/oxide-win32-x64-msvc@4.3.3':
    resolution: {integrity: sha512-yJ0pwIVc/nYeGoV02WtsN8KYyLQv7kyI2wDnkezyJlGGjkd4QLwDGAwl47YpPJeuI0M0ObaXGSPjvWDPeTPggw==}
    engines: {node: '>= 20'}
    cpu: [x64]
    os: [win32]

  '@tailwindcss/oxide@4.3.3':
    resolution: {integrity: sha512-krXjAikiaFSPaK/FkAQT5UTx3VormQaiZ5hBFlJZ9UFQGB/rwg1MZIhHAG9smMQRTdyJxP6Qt5MwMtdyU5FWrA==}
    engines: {node: '>= 20'}

  '@tailwindcss/postcss@4.3.3':
    resolution: {integrity: sha512-JTSZZGQi1AyKirbLN3azmjVzef92tcX7h+iSqPdaeStyFpGpDlKvvpxeOE8njhbUanbRwr3z8DyzhICWnMtQeg==}

  '@types/react-dom@19.2.5':
    resolution: {integrity: sha512-fMPwH9v7r/pp43yUd2/Mbiex5KouJwwR3dzHkhLREUC6764VyDsqxhAxv6OFEYR1RhjOyD1naqba8ECDBe7ZQg==}
    peerDependencies:
      '@types/react': ^19.2.0

  '@types/react@19.2.18':
    resolution: {integrity: sha512-AnzbBERsrLKtk2XSfTbYRLjQPdy116Sty4q+T+Bp3IC4l6jNBvreVPAHmpq9qhXQM7CXZPjLVmGMw9sy+hxQ3w==}

  baseline-browser-mapping@2.11.21:
    resolution: {integrity: sha512-uh8vpY/1/YyFkunIDFH/12p7/7VdPKA1hejMVEbdkEaWnUz0Hesvx5EbiU6XxjyHZIOju+ZMbQJkRh+es3/spQ==}
    engines: {node: '>=6.0.0'}
    hasBin: true

  caniuse-lite@1.0.30001810:
    resolution: {integrity: sha512-TITQPUkaz+aVk5GL6NhOdwk1aEaNTSDPsGFWrTuhKGtjTF70jL/Oht2W4c6rXUe5fu7Ie19VIahAXHIIiWWNeg==}

  client-only@0.0.1:
    resolution: {integrity: sha512-IV3Ou0jSMzZrd3pZ48nLkT9DA7Ag1pnPzaiQhpW7c3RbcqqzvzzVu+L8gfqMp/8IM2MQtSiqaCxrrcfu8I8rMA==}

  csstype@3.2.3:
    resolution: {integrity: sha512-z1HGKcYy2xA8AGQfwrn0PAy+PB7X/GSj3UVJW9qKyn43xWa+gl5nXmU4qqLMRzWVLFC8KusUX8T/0kCiOYpAIQ==}

  detect-libc@2.1.2:
    resolution: {integrity: sha512-Btj2BOOO83o3WyH59e8MgXsxEQVcarkUOpEYrubB0urwnN10yQ364rsiByU11nZlqWYZm05i/of7io4mzihBtQ==}
    engines: {node: '>=8'}

  enhanced-resolve@5.24.5:
    resolution: {integrity: sha512-L1l8TNvomm6UVW5B253AGxQagSQr+vGwhMlrrfRS2qmhx46AMpMVJKQYLvWYbysTMY8VoicOvzHzoHMbyzB+4A==}
    engines: {node: '>=10.13.0'}

  graceful-fs@4.2.11:
    resolution: {integrity: sha512-RbJ5/jmFcNNCcDV5o9eTnBLJ/HszWV0P73bc+Ff4nS/rJj+YaS6IGyiOL0VoBYX+l1Wrl3k63h/KrH+nhJ0XvQ==}

  jiti@2.7.0:
    resolution: {integrity: sha512-AC/7JofJvZGrrneWNaEnJeOLUx+JlGt7tNa0wZiRPT4MY1wmfKjt2+6O2p2uz2+skll8OZZmJMNqeke7kKbNgQ==}
    hasBin: true

  lightningcss-android-arm64@1.32.0:
    resolution: {integrity: sha512-YK7/ClTt4kAK0vo6w3X+Pnm0D2cf2vPHbhOXdoNti1Ga0al1P4TBZhwjATvjNwLEBCnKvjJc2jQgHXH0NEwlAg==}
    engines: {node: '>= 12.0.0'}
    cpu: [arm64]
    os: [android]

  lightningcss-darwin-arm64@1.32.0:
    resolution: {integrity: sha512-RzeG9Ju5bag2Bv1/lwlVJvBE3q6TtXskdZLLCyfg5pt+HLz9BqlICO7LZM7VHNTTn/5PRhHFBSjk5lc4cmscPQ==}
    engines: {node: '>= 12.0.0'}
    cpu: [arm64]
    os: [darwin]

  lightningcss-darwin-x64@1.32.0:
    resolution: {integrity: sha512-U+QsBp2m/s2wqpUYT/6wnlagdZbtZdndSmut/NJqlCcMLTWp5muCrID+K5UJ6jqD2BFshejCYXniPDbNh73V8w==}
    engines: {node: '>= 12.0.0'}
    cpu: [x64]
    os: [darwin]

  lightningcss-freebsd-x64@1.32.0:
    resolution: {integrity: sha512-JCTigedEksZk3tHTTthnMdVfGf61Fky8Ji2E4YjUTEQX14xiy/lTzXnu1vwiZe3bYe0q+SpsSH/CTeDXK6WHig==}
    engines: {node: '>= 12.0.0'}
    cpu: [x64]
    os: [freebsd]

  lightningcss-linux-arm-gnueabihf@1.32.0:
    resolution: {integrity: sha512-x6rnnpRa2GL0zQOkt6rts3YDPzduLpWvwAF6EMhXFVZXD4tPrBkEFqzGowzCsIWsPjqSK+tyNEODUBXeeVHSkw==}
    engines: {node: '>= 12.0.0'}
    cpu: [arm]
    os: [linux]

  lightningcss-linux-arm64-gnu@1.32.0:
    resolution: {integrity: sha512-0nnMyoyOLRJXfbMOilaSRcLH3Jw5z9HDNGfT/gwCPgaDjnx0i8w7vBzFLFR1f6CMLKF8gVbebmkUN3fa/kQJpQ==}
    engines: {node: '>= 12.0.0'}
    cpu: [arm64]
    os: [linux]
    libc: [glibc]

  lightningcss-linux-arm64-musl@1.32.0:
    resolution: {integrity: sha512-UpQkoenr4UJEzgVIYpI80lDFvRmPVg6oqboNHfoH4CQIfNA+HOrZ7Mo7KZP02dC6LjghPQJeBsvXhJod/wnIBg==}
    engines: {node: '>= 12.0.0'}
    cpu: [arm64]
    os: [linux]
    libc: [musl]

  lightningcss-linux-x64-gnu@1.32.0:
    resolution: {integrity: sha512-V7Qr52IhZmdKPVr+Vtw8o+WLsQJYCTd8loIfpDaMRWGUZfBOYEJeyJIkqGIDMZPwPx24pUMfwSxxI8phr/MbOA==}
    engines: {node: '>= 12.0.0'}
    cpu: [x64]
    os: [linux]
    libc: [glibc]

  lightningcss-linux-x64-musl@1.32.0:
    resolution: {integrity: sha512-bYcLp+Vb0awsiXg/80uCRezCYHNg1/l3mt0gzHnWV9XP1W5sKa5/TCdGWaR/zBM2PeF/HbsQv/j2URNOiVuxWg==}
    engines: {node: '>= 12.0.0'}
    cpu: [x64]
    os: [linux]
    libc: [musl]

  lightningcss-win32-arm64-msvc@1.32.0:
    resolution: {integrity: sha512-8SbC8BR40pS6baCM8sbtYDSwEVQd4JlFTOlaD3gWGHfThTcABnNDBda6eTZeqbofalIJhFx0qKzgHJmcPTnGdw==}
    engines: {node: '>= 12.0.0'}
    cpu: [arm64]
    os: [win32]

  lightningcss-win32-x64-msvc@1.32.0:
    resolution: {integrity: sha512-Amq9B/SoZYdDi1kFrojnoqPLxYhQ4Wo5XiL8EVJrVsB8ARoC1PWW6VGtT0WKCemjy8aC+louJnjS7U18x3b06Q==}
    engines: {node: '>= 12.0.0'}
    cpu: [x64]
    os: [win32]

  lightningcss@1.32.0:
    resolution: {integrity: sha512-NXYBzinNrblfraPGyrbPoD19C1h9lfI/1mzgWYvXUTe414Gz/X1FD2XBZSZM7rRTrMA8JL3OtAaGifrIKhQ5yQ==}
    engines: {node: '>= 12.0.0'}

  magic-string@0.30.21:
    resolution: {integrity: sha512-vd2F4YUyEXKGcLHoq+TEyCjxueSeHnFxyyjNp80yg0XV4vUhnDer/lvvlqM/arB5bXQN5K2/3oinyCRyx8T2CQ==}

  nanoid@3.3.18:
    resolution: {integrity: sha512-DTg4MJbGMWkfi6VZFdNt2/caMbQy4Ou+Op/hJQvGEWcnVfoA1QA+xzRKAzw9jD6+GVOOeYr/mIcuDSdug6F6+w==}
    engines: {node: ^10 || ^12 || ^13.7 || ^14 || >=15.0.1}
    hasBin: true

  next@16.3.3:
    resolution: {integrity: sha512-tuRTx1nQ/yVw83cwJBo9F+njGUgMn3UHQycreWHB8XsStvvAh1AthbI8/4IpKnFaF58F+iSiHejYOlMQ/eq83g==}
    engines: {node: '>=20.9.0'}
    hasBin: true
    peerDependencies:
      '@opentelemetry/api': ^1.1.0
      '@playwright/test': ^1.51.1
      babel-plugin-react-compiler: '*'
      react: ^18.2.0 || 19.0.0-rc-de68d2f4-20241204 || ^19.0.0
      react-dom: ^18.2.0 || 19.0.0-rc-de68d2f4-20241204 || ^19.0.0
      sass: ^1.3.0
    peerDependenciesMeta:
      '@opentelemetry/api':
        optional: true
      '@playwright/test':
        optional: true
      babel-plugin-react-compiler:
        optional: true
      sass:
        optional: true

  picocolors@1.1.1:
    resolution: {integrity: sha512-xceH2snhtb5M9liqDsmEw56le376mTZkEX/jEb/RxNFyegNul7eNslCXP9FDj/Lcu0X8KEyMceP2ntpaHrDEVA==}

  postcss@8.5.23:
    resolution: {integrity: sha512-g50586zr4bZmwFiTlflMu8E0bDTb5I5gertgwAKmsdUlTQIhZtunzUlD1WSzwcVWPoAVpsrA6vlfCD7oXvRwgg==}
    engines: {node: ^10 || ^12 || >=14}

  postcss@8.5.26:
    resolution: {integrity: sha512-u82N74LFzG8ca+dD8puPnplTXoGH4fTPpVGuIbt36G3qvNlkvfD0lEAZSxaly3KX8TS/L1A1gsCEmvKmBcVbkQ==}
    engines: {node: ^10 || ^12 || >=14}

  react-dom@19.2.8:
    resolution: {integrity: sha512-rVprimfGBG3DR+Tq0IQG2DT5PxKth1WIGDmj5yPmlzr4YBe7uyE+Du4oVqTDXZSHGGGXRtTJEGSSePyQCMBglQ==}
    peerDependencies:
      react: ^19.2.8

  react@19.2.8:
    resolution: {integrity: sha512-PWaYA1L/q9u2u7xYQi+Y3L3Yfnie7XyLeaJICV1MGD6LprsBxcAqGjYyr0eY3p+QdsA+x/Irkt4Qif8D63+Sbw==}
    engines: {node: '>=0.10.0'}

  scheduler@0.27.0:
    resolution: {integrity: sha512-eNv+WrVbKu1f3vbYJT/xtiF5syA5HPIMtf9IgY/nKg0sWqzAUEvqY/xm7OcZc/qafLx/iO9FgOmeSAp4v5ti/Q==}

  semver@7.8.5:
    resolution: {integrity: sha512-Y7/KDsb8LjooZpwaqGyulO6DQlksgCncchHGk+sZIY4SBvUocMBEFH5Ur1fI4dV+Jvl0w6cjvucaIi40puRioA==}
    engines: {node: '>=10'}
    hasBin: true

  sharp@0.35.4:
    resolution: {integrity: sha512-n++8XWcj+jCOr2IOl7h8LbKnGBDY4aPbmprMONBNFdn0ImXqpGVv5zliDs0V9HbmbCQLpbuo2ej9rAoOQTvMDA==}
    engines: {node: '>=20.9.0'}
    peerDependencies:
      '@types/node': '*'
    peerDependenciesMeta:
      '@types/node':
        optional: true

  source-map-js@1.2.1:
    resolution: {integrity: sha512-UXWMKhLOwVKb728IUtQPXxfYU+usdybtUrK/8uGE8CQMvrhOpwvzDBwj0QhSL7MQc7vIsISBG8VQ8+IDQxpfQA==}
    engines: {node: '>=0.10.0'}

  styled-jsx@5.1.6:
    resolution: {integrity: sha512-qSVyDTeMotdvQYoHWLNGwRFJHC+i+ZvdBRYosOFgC+Wg1vx4frN2/RG/NA7SYqqvKNLf39P2LSRA2pu6n0XYZA==}
    engines: {node: '>= 12.0.0'}
    peerDependencies:
      '@babel/core': '*'
      babel-plugin-macros: '*'
      react: '>= 16.8.0 || 17.x.x || ^18.0.0-0 || ^19.0.0-0'
    peerDependenciesMeta:
      '@babel/core':
        optional: true
      babel-plugin-macros:
        optional: true

  tailwindcss@4.3.3:
    resolution: {integrity: sha512-gOhV3P7ufE62QDGg1zVaTgCR+EtPv92k2nIhVcVKcLmxT1sUBsQGhnZj175j+MqRt4zLF7ic+sCYjfhxMxj7YQ==}

  tapable@2.3.3:
    resolution: {integrity: sha512-uxc/zpqFg6x7C8vOE7lh6Lbda8eEL9zmVm/PLeTPBRhh1xCgdWaQ+J1CUieGpIfm2HdtsUpRv+HshiasBMcc6A==}
    engines: {node: '>=6'}

  tslib@2.8.1:
    resolution: {integrity: sha512-oJFu94HQb+KVduSUQL7wnpmqnfmLsOA/nAh6b6EH0wCEoK0/mPeXU6c3wKDV83MkOuHPRHtSXKKU99IBazS/2w==}

  typescript@6.0.3:
    resolution: {integrity: sha512-y2TvuxSZPDyQakkFRPZHKFm+KKVqIisdg9/CZwm9ftvKXLP8NRWj38/ODjNbr43SsoXqNuAisEf1GdCxqWcdBw==}
    engines: {node: '>=14.17'}
    hasBin: true

snapshots:

  '@alloc/quick-lru@5.3.0': {}

  '@emnapi/runtime@1.11.3':
    dependencies:
      tslib: 2.8.1
    optional: true

  '@img/colour@1.1.0':
    optional: true

  '@img/sharp-darwin-arm64@0.35.4':
    optionalDependencies:
      '@img/sharp-libvips-darwin-arm64': 1.3.3
    optional: true

  '@img/sharp-darwin-x64@0.35.4':
    optionalDependencies:
      '@img/sharp-libvips-darwin-x64': 1.3.3
    optional: true

  '@img/sharp-freebsd-wasm32@0.35.4':
    dependencies:
      '@img/sharp-wasm32': 0.35.4
    optional: true

  '@img/sharp-libvips-darwin-arm64@1.3.3':
    optional: true

  '@img/sharp-libvips-darwin-x64@1.3.3':
    optional: true

  '@img/sharp-libvips-linux-arm64@1.3.3':
    optional: true

  '@img/sharp-libvips-linux-arm@1.3.3':
    optional: true

  '@img/sharp-libvips-linux-ppc64@1.3.3':
    optional: true

  '@img/sharp-libvips-linux-riscv64@1.3.3':
    optional: true

  '@img/sharp-libvips-linux-s390x@1.3.3':
    optional: true

  '@img/sharp-libvips-linux-x64@1.3.3':
    optional: true

  '@img/sharp-libvips-linuxmusl-arm64@1.3.3':
    optional: true

  '@img/sharp-libvips-linuxmusl-x64@1.3.3':
    optional: true

  '@img/sharp-linux-arm64@0.35.4':
    optionalDependencies:
      '@img/sharp-libvips-linux-arm64': 1.3.3
    optional: true

  '@img/sharp-linux-arm@0.35.4':
    optionalDependencies:
      '@img/sharp-libvips-linux-arm': 1.3.3
    optional: true

  '@img/sharp-linux-ppc64@0.35.4':
    optionalDependencies:
      '@img/sharp-libvips-linux-ppc64': 1.3.3
    optional: true

  '@img/sharp-linux-riscv64@0.35.4':
    optionalDependencies:
      '@img/sharp-libvips-linux-riscv64': 1.3.3
    optional: true

  '@img/sharp-linux-s390x@0.35.4':
    optionalDependencies:
      '@img/sharp-libvips-linux-s390x': 1.3.3
    optional: true

  '@img/sharp-linux-x64@0.35.4':
    optionalDependencies:
      '@img/sharp-libvips-linux-x64': 1.3.3
    optional: true

  '@img/sharp-linuxmusl-arm64@0.35.4':
    optionalDependencies:
      '@img/sharp-libvips-linuxmusl-arm64': 1.3.3
    optional: true

  '@img/sharp-linuxmusl-x64@0.35.4':
    optionalDependencies:
      '@img/sharp-libvips-linuxmusl-x64': 1.3.3
    optional: true

  '@img/sharp-wasm32@0.35.4':
    dependencies:
      '@emnapi/runtime': 1.11.3
    optional: true

  '@img/sharp-webcontainers-wasm32@0.35.4':
    dependencies:
      '@img/sharp-wasm32': 0.35.4
    optional: true

  '@img/sharp-win32-arm64@0.35.4':
    optional: true

  '@img/sharp-win32-ia32@0.35.4':
    optional: true

  '@img/sharp-win32-x64@0.35.4':
    optional: true

  '@jridgewell/gen-mapping@0.3.13':
    dependencies:
      '@jridgewell/sourcemap-codec': 1.6.0
      '@jridgewell/trace-mapping': 0.3.31

  '@jridgewell/remapping@2.3.5':
    dependencies:
      '@jridgewell/gen-mapping': 0.3.13
      '@jridgewell/trace-mapping': 0.3.31

  '@jridgewell/resolve-uri@3.1.2': {}

  '@jridgewell/sourcemap-codec@1.6.0': {}

  '@jridgewell/trace-mapping@0.3.31':
    dependencies:
      '@jridgewell/resolve-uri': 3.1.2
      '@jridgewell/sourcemap-codec': 1.6.0

  '@next/env@16.3.3': {}

  '@next/swc-darwin-arm64@16.3.3':
    optional: true

  '@next/swc-darwin-x64@16.3.3':
    optional: true

  '@next/swc-linux-arm64-gnu@16.3.3':
    optional: true

  '@next/swc-linux-arm64-musl@16.3.3':
    optional: true

  '@next/swc-linux-x64-gnu@16.3.3':
    optional: true

  '@next/swc-linux-x64-musl@16.3.3':
    optional: true

  '@next/swc-win32-arm64-msvc@16.3.3':
    optional: true

  '@next/swc-win32-x64-msvc@16.3.3':
    optional: true

  '@swc/helpers@0.5.23':
    dependencies:
      tslib: 2.8.1

  '@tailwindcss/node@4.3.3':
    dependencies:
      '@jridgewell/remapping': 2.3.5
      enhanced-resolve: 5.24.5
      jiti: 2.7.0
      lightningcss: 1.32.0
      magic-string: 0.30.21
      source-map-js: 1.2.1
      tailwindcss: 4.3.3

  '@tailwindcss/oxide-android-arm64@4.3.3':
    optional: true

  '@tailwindcss/oxide-darwin-arm64@4.3.3':
    optional: true

  '@tailwindcss/oxide-darwin-x64@4.3.3':
    optional: true

  '@tailwindcss/oxide-freebsd-x64@4.3.3':
    optional: true

  '@tailwindcss/oxide-linux-arm-gnueabihf@4.3.3':
    optional: true

  '@tailwindcss/oxide-linux-arm64-gnu@4.3.3':
    optional: true

  '@tailwindcss/oxide-linux-arm64-musl@4.3.3':
    optional: true

  '@tailwindcss/oxide-linux-x64-gnu@4.3.3':
    optional: true

  '@tailwindcss/oxide-linux-x64-musl@4.3.3':
    optional: true

  '@tailwindcss/oxide-wasm32-wasi@4.3.3':
    optional: true

  '@tailwindcss/oxide-win32-arm64-msvc@4.3.3':
    optional: true

  '@tailwindcss/oxide-win32-x64-msvc@4.3.3':
    optional: true

  '@tailwindcss/oxide@4.3.3':
    optionalDependencies:
      '@tailwindcss/oxide-android-arm64': 4.3.3
      '@tailwindcss/oxide-darwin-arm64': 4.3.3
      '@tailwindcss/oxide-darwin-x64': 4.3.3
      '@tailwindcss/oxide-freebsd-x64': 4.3.3
      '@tailwindcss/oxide-linux-arm-gnueabihf': 4.3.3
      '@tailwindcss/oxide-linux-arm64-gnu': 4.3.3
      '@tailwindcss/oxide-linux-arm64-musl': 4.3.3
      '@tailwindcss/oxide-linux-x64-gnu': 4.3.3
      '@tailwindcss/oxide-linux-x64-musl': 4.3.3
      '@tailwindcss/oxide-wasm32-wasi': 4.3.3
      '@tailwindcss/oxide-win32-arm64-msvc': 4.3.3
      '@tailwindcss/oxide-win32-x64-msvc': 4.3.3

  '@tailwindcss/postcss@4.3.3':
    dependencies:
      '@alloc/quick-lru': 5.3.0
      '@tailwindcss/node': 4.3.3
      '@tailwindcss/oxide': 4.3.3
      postcss: 8.5.26
      tailwindcss: 4.3.3

  '@types/react-dom@19.2.5(@types/react@19.2.18)':
    dependencies:
      '@types/react': 19.2.18

  '@types/react@19.2.18':
    dependencies:
      csstype: 3.2.3

  baseline-browser-mapping@2.11.21: {}

  caniuse-lite@1.0.30001810: {}

  client-only@0.0.1: {}

  csstype@3.2.3: {}

  detect-libc@2.1.2: {}

  enhanced-resolve@5.24.5:
    dependencies:
      graceful-fs: 4.2.11
      tapable: 2.3.3

  graceful-fs@4.2.11: {}

  jiti@2.7.0: {}

  lightningcss-android-arm64@1.32.0:
    optional: true

  lightningcss-darwin-arm64@1.32.0:
    optional: true

  lightningcss-darwin-x64@1.32.0:
    optional: true

  lightningcss-freebsd-x64@1.32.0:
    optional: true

  lightningcss-linux-arm-gnueabihf@1.32.0:
    optional: true

  lightningcss-linux-arm64-gnu@1.32.0:
    optional: true

  lightningcss-linux-arm64-musl@1.32.0:
    optional: true

  lightningcss-linux-x64-gnu@1.32.0:
    optional: true

  lightningcss-linux-x64-musl@1.32.0:
    optional: true

  lightningcss-win32-arm64-msvc@1.32.0:
    optional: true

  lightningcss-win32-x64-msvc@1.32.0:
    optional: true

  lightningcss@1.32.0:
    dependencies:
      detect-libc: 2.1.2
    optionalDependencies:
      lightningcss-android-arm64: 1.32.0
      lightningcss-darwin-arm64: 1.32.0
      lightningcss-darwin-x64: 1.32.0
      lightningcss-freebsd-x64: 1.32.0
      lightningcss-linux-arm-gnueabihf: 1.32.0
      lightningcss-linux-arm64-gnu: 1.32.0
      lightningcss-linux-arm64-musl: 1.32.0
      lightningcss-linux-x64-gnu: 1.32.0
      lightningcss-linux-x64-musl: 1.32.0
      lightningcss-win32-arm64-msvc: 1.32.0
      lightningcss-win32-x64-msvc: 1.32.0

  magic-string@0.30.21:
    dependencies:
      '@jridgewell/sourcemap-codec': 1.6.0

  nanoid@3.3.18: {}

  next@16.3.3(react-dom@19.2.8(react@19.2.8))(react@19.2.8):
    dependencies:
      '@next/env': 16.3.3
      '@swc/helpers': 0.5.23
      baseline-browser-mapping: 2.11.21
      caniuse-lite: 1.0.30001810
      postcss: 8.5.23
      react: 19.2.8
      react-dom: 19.2.8(react@19.2.8)
      styled-jsx: 5.1.6(react@19.2.8)
    optionalDependencies:
      '@next/swc-darwin-arm64': 16.3.3
      '@next/swc-darwin-x64': 16.3.3
      '@next/swc-linux-arm64-gnu': 16.3.3
      '@next/swc-linux-arm64-musl': 16.3.3
      '@next/swc-linux-x64-gnu': 16.3.3
      '@next/swc-linux-x64-musl': 16.3.3
      '@next/swc-win32-arm64-msvc': 16.3.3
      '@next/swc-win32-x64-msvc': 16.3.3
      sharp: 0.35.4
    transitivePeerDependencies:
      - '@babel/core'
      - '@types/node'
      - babel-plugin-macros

  picocolors@1.1.1: {}

  postcss@8.5.23:
    dependencies:
      nanoid: 3.3.18
      picocolors: 1.1.1
      source-map-js: 1.2.1

  postcss@8.5.26:
    dependencies:
      nanoid: 3.3.18
      picocolors: 1.1.1
      source-map-js: 1.2.1

  react-dom@19.2.8(react@19.2.8):
    dependencies:
      react: 19.2.8
      scheduler: 0.27.0

  react@19.2.8: {}

  scheduler@0.27.0: {}

  semver@7.8.5:
    optional: true

  sharp@0.35.4:
    dependencies:
      '@img/colour': 1.1.0
      detect-libc: 2.1.2
      semver: 7.8.5
    optionalDependencies:
      '@img/sharp-darwin-arm64': 0.35.4
      '@img/sharp-darwin-x64': 0.35.4
      '@img/sharp-freebsd-wasm32': 0.35.4
      '@img/sharp-libvips-darwin-arm64': 1.3.3
      '@img/sharp-libvips-darwin-x64': 1.3.3
      '@img/sharp-libvips-linux-arm': 1.3.3
      '@img/sharp-libvips-linux-arm64': 1.3.3
      '@img/sharp-libvips-linux-ppc64': 1.3.3
      '@img/sharp-libvips-linux-riscv64': 1.3.3
      '@img/sharp-libvips-linux-s390x': 1.3.3
      '@img/sharp-libvips-linux-x64': 1.3.3
      '@img/sharp-libvips-linuxmusl-arm64': 1.3.3
      '@img/sharp-libvips-linuxmusl-x64': 1.3.3
      '@img/sharp-linux-arm': 0.35.4
      '@img/sharp-linux-arm64': 0.35.4
      '@img/sharp-linux-ppc64': 0.35.4
      '@img/sharp-linux-riscv64': 0.35.4
      '@img/sharp-linux-s390x': 0.35.4
      '@img/sharp-linux-x64': 0.35.4
      '@img/sharp-linuxmusl-arm64': 0.35.4
      '@img/sharp-linuxmusl-x64': 0.35.4
      '@img/sharp-webcontainers-wasm32': 0.35.4
      '@img/sharp-win32-arm64': 0.35.4
      '@img/sharp-win32-ia32': 0.35.4
      '@img/sharp-win32-x64': 0.35.4
    optional: true

  source-map-js@1.2.1: {}

  styled-jsx@5.1.6(react@19.2.8):
    dependencies:
      client-only: 0.0.1
      react: 19.2.8

  tailwindcss@4.3.3: {}

  tapable@2.3.3: {}

  tslib@2.8.1: {}

  typescript@6.0.3: {}
